
Microsoft Visual Studio Solution File, Format Version 12.00
# Visual Studio Version 16
VisualStudioVersion = 16.0.29102.190
MinimumVisualStudioVersion = 10.0.40219.1
Project("{888888A0-9F3D-457C-B088-3A5042F75D52}") = "execution.py", "..\MySQLTest\MySQLTest\execution.py.pyproj", "{47A8A3F4-23EA-42CB-A5E7-C4E64A32EACB}"
EndProject
Global
	GlobalSection(SolutionConfigurationPlatforms) = preSolution
		Debug|Any CPU = Debug|Any CPU
		Release|Any CPU = Release|Any CPU
	EndGlobalSection
	GlobalSection(ProjectConfigurationPlatforms) = postSolution
		{47A8A3F4-23EA-42CB-A5E7-C4E64A32EACB}.Debug|Any CPU.ActiveCfg = Debug|Any CPU
		{47A8A3F4-23EA-42CB-A5E7-C4E64A32EACB}.Release|Any CPU.ActiveCfg = Release|Any CPU
	EndGlobalSection
	GlobalSection(SolutionProperties) = preSolution
		HideSolutionNode = FALSE
	EndGlobalSection
	GlobalSection(ExtensibilityGlobals) = postSolution
		SolutionGuid = {BAAA01DB-2595-4936-AD1F-C9324645151F}
	EndGlobalSection
EndGlobal
