
Microsoft Visual Studio Solution File, Format Version 12.00
# Visual Studio Version 16
VisualStudioVersion = 16.0.29123.88
MinimumVisualStudioVersion = 10.0.40219.1
Project("{888888A0-9F3D-457C-B088-3A5042F75D52}") = "hello_flask", "hello_flask.pyproj", "{03F67699-F4DD-45B3-B3C4-04A9286976C9}"
EndProject
Global
	GlobalSection(SolutionConfigurationPlatforms) = preSolution
		Debug|Any CPU = Debug|Any CPU
		Release|Any CPU = Release|Any CPU
	EndGlobalSection
	GlobalSection(ProjectConfigurationPlatforms) = postSolution
		{03F67699-F4DD-45B3-B3C4-04A9286976C9}.Debug|Any CPU.ActiveCfg = Debug|Any CPU
		{03F67699-F4DD-45B3-B3C4-04A9286976C9}.Debug|Any CPU.Build.0 = Debug|Any CPU
		{03F67699-F4DD-45B3-B3C4-04A9286976C9}.Release|Any CPU.ActiveCfg = Release|Any CPU
		{03F67699-F4DD-45B3-B3C4-04A9286976C9}.Release|Any CPU.Build.0 = Release|Any CPU
	EndGlobalSection
	GlobalSection(SolutionProperties) = preSolution
		HideSolutionNode = FALSE
	EndGlobalSection
	GlobalSection(ExtensibilityGlobals) = postSolution
		SolutionGuid = {DB9467D0-6996-4D98-8044-5268E6A89140}
	EndGlobalSection
EndGlobal
